
Microsoft Visual Studio Solution File, Format Version 12.00
# Visual Studio Version 16
VisualStudioVersion = 16.0.29306.81
MinimumVisualStudioVersion = 10.0.40219.1
Project("{FAE04EC0-301F-11D3-BF4B-00C04F79EFBC}") = "PacMan", "PacMan.csproj", "{DB6F3AF3-781C-49BB-B8ED-830A1CDBB3FA}"
EndProject
Global
	GlobalSection(SolutionConfigurationPlatforms) = preSolution
		Debug|Any CPU = Debug|Any CPU
		Release|Any CPU = Release|Any CPU
	EndGlobalSection
	GlobalSection(ProjectConfigurationPlatforms) = postSolution
		{DB6F3AF3-781C-49BB-B8ED-830A1CDBB3FA}.Debug|Any CPU.ActiveCfg = Debug|Any CPU
		{DB6F3AF3-781C-49BB-B8ED-830A1CDBB3FA}.Debug|Any CPU.Build.0 = Debug|Any CPU
		{DB6F3AF3-781C-49BB-B8ED-830A1CDBB3FA}.Release|Any CPU.ActiveCfg = Release|Any CPU
		{DB6F3AF3-781C-49BB-B8ED-830A1CDBB3FA}.Release|Any CPU.Build.0 = Release|Any CPU
	EndGlobalSection
	GlobalSection(SolutionProperties) = preSolution
		HideSolutionNode = FALSE
	EndGlobalSection
	GlobalSection(ExtensibilityGlobals) = postSolution
		SolutionGuid = {7BE0A9B3-C1E8-4141-A945-0EE0B6E025F4}
	EndGlobalSection
EndGlobal
